{
  "requires": true,
  "lockfileVersion": 1,
  "dependencies": {
    "@cycle/isolate": {
      "version": "3.3.0",
      "resolved": "https://registry.npmjs.org/@cycle/isolate/-/isolate-3.3.0.tgz",
      "integrity": "sha512-WFbEhrS1+Wx7VrJtGnjE/TQ1GtSoxQi6mBcFgqh8CwFu9FRxbNk1QL5rrwel250m+zEcwRmxo+kUwtJSlj4DCA=="
    }
  }
}
